
Microsoft Visual Studio Solution File, Format Version 12.00
# Visual Studio Version 17
VisualStudioVersion = 17.9.34714.143
MinimumVisualStudioVersion = 10.0.40219.1
Project("{8BC9CEB8-8B4A-11D0-8D11-00A0C91BC942}") = "Project1", "Project1.vcxproj", "{CF6088CC-27C3-40BD-9255-1C4BD375193C}"
EndProject
Global
	GlobalSection(SolutionConfigurationPlatforms) = preSolution
		Debug|x64 = Debug|x64
		Debug|x86 = Debug|x86
		Release|x64 = Release|x64
		Release|x86 = Release|x86
	EndGlobalSection
	GlobalSection(ProjectConfigurationPlatforms) = postSolution
		{CF6088CC-27C3-40BD-9255-1C4BD375193C}.Debug|x64.ActiveCfg = Debug|x64
		{CF6088CC-27C3-40BD-9255-1C4BD375193C}.Debug|x64.Build.0 = Debug|x64
		{CF6088CC-27C3-40BD-9255-1C4BD375193C}.Debug|x86.ActiveCfg = Debug|Win32
		{CF6088CC-27C3-40BD-9255-1C4BD375193C}.Debug|x86.Build.0 = Debug|Win32
		{CF6088CC-27C3-40BD-9255-1C4BD375193C}.Release|x64.ActiveCfg = Release|x64
		{CF6088CC-27C3-40BD-9255-1C4BD375193C}.Release|x64.Build.0 = Release|x64
		{CF6088CC-27C3-40BD-9255-1C4BD375193C}.Release|x86.ActiveCfg = Release|Win32
		{CF6088CC-27C3-40BD-9255-1C4BD375193C}.Release|x86.Build.0 = Release|Win32
	EndGlobalSection
	GlobalSection(SolutionProperties) = preSolution
		HideSolutionNode = FALSE
	EndGlobalSection
	GlobalSection(ExtensibilityGlobals) = postSolution
		SolutionGuid = {B0D17247-A89E-452F-85C3-580ECC70A9CC}
	EndGlobalSection
EndGlobal
